{
  "name": "@outdoorsyco/broccoli-js-to-json",
  "version": "1.0.0",
  "lockfileVersion": 1,
  "dependencies": {
    "amdefine": {
      "version": "1.0.1",
      "resolved": "https://registry.npmjs.org/amdefine/-/amdefine-1.0.1.tgz",
      "integrity": "sha1-SlKCrBZHKek2Gbz9OtFR+BfOkfU=",
      "dev": true,
      "optional": true
    },
    "assertion-error": {
      "version": "1.0.2",
      "resolved": "https://registry.npmjs.org/assertion-error/-/assertion-error-1.0.2.tgz",
      "integrity": "sha1-E8pRXYYgbaC6xm6DTdOX2HWBCUw=",
      "dev": true
    },
    "async": {
      "version": "0.2.10",
      "resolved": "https://registry.npmjs.org/async/-/async-0.2.10.tgz",
      "integrity": "sha1-trvgsGdLnXGXCMo43owjfLUmw9E=",
      "dev": true,
      "optional": true
    },
    "balanced-match": {
      "version": "1.0.0",
      "resolved": "https://registry.npmjs.org/balanced-match/-/balanced-match-1.0.0.tgz",
      "integrity": "sha1-ibTRmasr7kneFk6gK4nORi1xt2c="
    },
    "body-parser": {
      "version": "1.8.4",
      "resolved": "https://registry.npmjs.org/body-parser/-/body-parser-1.8.4.tgz",
      "integrity": "sha1-1JfgS8E7P5qL2McLsM3Bby4CiJg=",
      "dev": true,
      "dependencies": {
        "ee-first": {
          "version": "1.0.5",
          "resolved": "https://registry.npmjs.org/ee-first/-/ee-first-1.0.5.tgz",
          "integrity": "sha1-jJshKJjYzZ8alDZlDOe+ICyen/A=",
          "dev": true
        },
        "on-finished": {
          "version": "2.1.0",
          "resolved": "https://registry.npmjs.org/on-finished/-/on-finished-2.1.0.tgz",
          "integrity": "sha1-DFOfCSkej/rd4MiiWFD7LO3HAi0=",
          "dev": true
        },
        "qs": {
          "version": "2.2.4",
          "resolved": "https://registry.npmjs.org/qs/-/qs-2.2.4.tgz",
          "integrity": "sha1-Lp+800tUDjQhySTs0B6QqpdTGcg=",
          "dev": true
        }
      }
    },
    "brace-expansion": {
      "version": "1.1.8",
      "resolved": "https://registry.npmjs.org/brace-expansion/-/brace-expansion-1.1.8.tgz",
      "integrity": "sha1-wHshHHyVLsH479Uad+8NHTmQopI="
    },
    "broccoli": {
      "version": "0.13.6",
      "resolved": "https://registry.npmjs.org/broccoli/-/broccoli-0.13.6.tgz",
      "integrity": "sha1-0NwDFTlU5T8buPSyyR6+vJyE4yk=",
      "dev": true
    },
    "broccoli-caching-writer": {
      "version": "0.1.2",
      "resolved": "https://registry.npmjs.org/broccoli-caching-writer/-/broccoli-caching-writer-0.1.2.tgz",
      "integrity": "sha1-OaM3MNXWe/z2sGS0avQHyWQd5DQ=",
      "dependencies": {
        "mkdirp": {
          "version": "0.4.2",
          "resolved": "https://registry.npmjs.org/mkdirp/-/mkdirp-0.4.2.tgz",
          "integrity": "sha1-QnyMGOzjmLky9vZm9OHlt3QOeMg="
        }
      }
    },
    "broccoli-export-tree": {
      "version": "0.3.2",
      "resolved": "https://registry.npmjs.org/broccoli-export-tree/-/broccoli-export-tree-0.3.2.tgz",
      "integrity": "sha1-EWVEH8w1CtNT+CRu8p4FddnvdyY="
    },
    "broccoli-kitchen-sink-helpers": {
      "version": "0.2.9",
      "resolved": "https://registry.npmjs.org/broccoli-kitchen-sink-helpers/-/broccoli-kitchen-sink-helpers-0.2.9.tgz",
      "integrity": "sha1-peCYbtjXb7WYS2jD8EUNOpbjbsw=",
      "dependencies": {
        "mkdirp": {
          "version": "0.5.1",
          "resolved": "https://registry.npmjs.org/mkdirp/-/mkdirp-0.5.1.tgz",
          "integrity": "sha1-MAV0OOrGz3+MR2fzhkjWaX11yQM="
        }
      }
    },
    "broccoli-slow-trees": {
      "version": "1.1.0",
      "resolved": "https://registry.npmjs.org/broccoli-slow-trees/-/broccoli-slow-trees-1.1.0.tgz",
      "integrity": "sha1-QmxXJOAIEH5Fc/c+ipynApFrePc=",
      "dev": true
    },
    "broccoli-writer": {
      "version": "0.1.1",
      "resolved": "https://registry.npmjs.org/broccoli-writer/-/broccoli-writer-0.1.1.tgz",
      "integrity": "sha1-1NcaqPKvvGejhmuRotp5CEuWqy0="
    },
    "bytes": {
      "version": "1.0.0",
      "resolved": "https://registry.npmjs.org/bytes/-/bytes-1.0.0.tgz",
      "integrity": "sha1-NWnt6Lo0MV+rmcPpLLBMciDeH6g=",
      "dev": true
    },
    "chai": {
      "version": "3.5.0",
      "resolved": "https://registry.npmjs.org/chai/-/chai-3.5.0.tgz",
      "integrity": "sha1-TQJjewZ/6Vi9v906QOxW/vc3Mkc=",
      "dev": true
    },
    "cli": {
      "version": "1.0.1",
      "resolved": "https://registry.npmjs.org/cli/-/cli-1.0.1.tgz",
      "integrity": "sha1-IoF1NPJL+klQw01TLUjsvGIbjBQ=",
      "dev": true,
      "dependencies": {
        "glob": {
          "version": "7.1.2",
          "resolved": "https://registry.npmjs.org/glob/-/glob-7.1.2.tgz",
          "integrity": "sha512-MJTUg1kjuLeQCJ+ccE4Vpa6kKVXkPYJ2mOCQyUuKLcLQsdrMCpBPUi8qVE6+YuaJkozeA9NusTAw3hLr8Xe5EQ==",
          "dev": true
        }
      }
    },
    "commander": {
      "version": "2.11.0",
      "resolved": "https://registry.npmjs.org/commander/-/commander-2.11.0.tgz",
      "integrity": "sha512-b0553uYA5YAEGgyYIGYROzKQ7X5RAqedkfjiZxwi0kL1g3bOaBNNZfYkzt/CL0umgD5wc9Jec2FbB98CjkMRvQ==",
      "dev": true
    },
    "concat-map": {
      "version": "0.0.1",
      "resolved": "https://registry.npmjs.org/concat-map/-/concat-map-0.0.1.tgz",
      "integrity": "sha1-2Klr13/Wjfd5OnMDajug1UBdR3s="
    },
    "connect": {
      "version": "3.6.3",
      "resolved": "https://registry.npmjs.org/connect/-/connect-3.6.3.tgz",
      "integrity": "sha512-GLSZqgjVxPvGYVD/2vz//gS201MEXk4b7t3nHV6OVnTdDNWi/Gm7Rpxs/ybvljPWvULys/wrzIV3jB3YvEc3nQ==",
      "dev": true
    },
    "console-browserify": {
      "version": "1.1.0",
      "resolved": "https://registry.npmjs.org/console-browserify/-/console-browserify-1.1.0.tgz",
      "integrity": "sha1-8CQcRXMKn8YyOyBtvzjtx0HQuxA=",
      "dev": true
    },
    "copy-dereference": {
      "version": "1.0.0",
      "resolved": "https://registry.npmjs.org/copy-dereference/-/copy-dereference-1.0.0.tgz",
      "integrity": "sha1-axMYZUIP2BtBO6mUtE02VTERUrY=",
      "dev": true
    },
    "core-util-is": {
      "version": "1.0.2",
      "resolved": "https://registry.npmjs.org/core-util-is/-/core-util-is-1.0.2.tgz",
      "integrity": "sha1-tf1UIgqivFq1eqtxQMlAdUUDwac=",
      "dev": true
    },
    "date-now": {
      "version": "0.1.4",
      "resolved": "https://registry.npmjs.org/date-now/-/date-now-0.1.4.tgz",
      "integrity": "sha1-6vQ5/U1ISK105cx9vvIAZyueNFs=",
      "dev": true
    },
    "debug": {
      "version": "2.6.8",
      "resolved": "https://registry.npmjs.org/debug/-/debug-2.6.8.tgz",
      "integrity": "sha1-5zFTHKLt4n0YgiJCfaF4IdaP9Pw=",
      "dev": true
    },
    "deep-eql": {
      "version": "0.1.3",
      "resolved": "https://registry.npmjs.org/deep-eql/-/deep-eql-0.1.3.tgz",
      "integrity": "sha1-71WKyrjeJSBs1xOQbXTlaTDrafI=",
      "dev": true,
      "dependencies": {
        "type-detect": {
          "version": "0.1.1",
          "resolved": "https://registry.npmjs.org/type-detect/-/type-detect-0.1.1.tgz",
          "integrity": "sha1-C6XsKohWQORw6k6FBZcZANrFiCI=",
          "dev": true
        }
      }
    },
    "depd": {
      "version": "0.4.5",
      "resolved": "https://registry.npmjs.org/depd/-/depd-0.4.5.tgz",
      "integrity": "sha1-GmZLUziLSmVz6K5ntfdnxpPKl/E=",
      "dev": true
    },
    "diff": {
      "version": "1.4.0",
      "resolved": "https://registry.npmjs.org/diff/-/diff-1.4.0.tgz",
      "integrity": "sha1-fyjS657nsVqX79ic5j3P2qPMur8=",
      "dev": true
    },
    "dom-serializer": {
      "version": "0.1.0",
      "resolved": "https://registry.npmjs.org/dom-serializer/-/dom-serializer-0.1.0.tgz",
      "integrity": "sha1-BzxpdUbOB4DOI75KKOKT5AvDDII=",
      "dev": true,
      "dependencies": {
        "domelementtype": {
          "version": "1.1.3",
          "resolved": "https://registry.npmjs.org/domelementtype/-/domelementtype-1.1.3.tgz",
          "integrity": "sha1-vSh3PiZCiBrsUVRJJCmcXNgiGFs=",
          "dev": true
        },
        "entities": {
          "version": "1.1.1",
          "resolved": "https://registry.npmjs.org/entities/-/entities-1.1.1.tgz",
          "integrity": "sha1-blwtClYhtdra7O+AuQ7ftc13cvA=",
          "dev": true
        }
      }
    },
    "domelementtype": {
      "version": "1.3.0",
      "resolved": "https://registry.npmjs.org/domelementtype/-/domelementtype-1.3.0.tgz",
      "integrity": "sha1-sXrtguirWeUt2cGbF1bg/BhyBMI=",
      "dev": true
    },
    "domhandler": {
      "version": "2.3.0",
      "resolved": "https://registry.npmjs.org/domhandler/-/domhandler-2.3.0.tgz",
      "integrity": "sha1-LeWaCCLVAn+r/28DLCsloqir5zg=",
      "dev": true
    },
    "domutils": {
      "version": "1.5.1",
      "resolved": "https://registry.npmjs.org/domutils/-/domutils-1.5.1.tgz",
      "integrity": "sha1-3NhIiib1Y9YQeeSMn3t+Mjc2gs8=",
      "dev": true
    },
    "ee-first": {
      "version": "1.1.1",
      "resolved": "https://registry.npmjs.org/ee-first/-/ee-first-1.1.1.tgz",
      "integrity": "sha1-WQxhFWsK4vTwJVcyoViyZrxWsh0=",
      "dev": true
    },
    "encodeurl": {
      "version": "1.0.1",
      "resolved": "https://registry.npmjs.org/encodeurl/-/encodeurl-1.0.1.tgz",
      "integrity": "sha1-eePVhlU0aQn+bw9Fpd5oEDspTSA=",
      "dev": true
    },
    "entities": {
      "version": "1.0.0",
      "resolved": "https://registry.npmjs.org/entities/-/entities-1.0.0.tgz",
      "integrity": "sha1-sph6o4ITR/zeZCsk/fyeT7cSvyY=",
      "dev": true
    },
    "escape-html": {
      "version": "1.0.3",
      "resolved": "https://registry.npmjs.org/escape-html/-/escape-html-1.0.3.tgz",
      "integrity": "sha1-Aljq5NPQwJdN4cFpGI7wBR0dGYg=",
      "dev": true
    },
    "eslint-plugin-json": {
      "version": "1.2.0",
      "resolved": "https://registry.npmjs.org/eslint-plugin-json/-/eslint-plugin-json-1.2.0.tgz",
      "integrity": "sha1-m6c7sL6Z1QCT6In1uWhGPSow764=",
      "dev": true
    },
    "eslint-plugin-mocha": {
      "version": "2.2.0",
      "resolved": "https://registry.npmjs.org/eslint-plugin-mocha/-/eslint-plugin-mocha-2.2.0.tgz",
      "integrity": "sha1-+JV2Qwkc/kxRFUPdwt2zMDkUMbU=",
      "dev": true
    },
    "exit": {
      "version": "0.1.2",
      "resolved": "https://registry.npmjs.org/exit/-/exit-0.1.2.tgz",
      "integrity": "sha1-BjJjj42HfMghB9MKD/8aF8uhzQw=",
      "dev": true
    },
    "faye-websocket": {
      "version": "0.7.3",
      "resolved": "https://registry.npmjs.org/faye-websocket/-/faye-websocket-0.7.3.tgz",
      "integrity": "sha1-zEB0x/Sk39A69U3WXDVLE1EyzhE=",
      "dev": true
    },
    "finalhandler": {
      "version": "1.0.4",
      "resolved": "https://registry.npmjs.org/finalhandler/-/finalhandler-1.0.4.tgz",
      "integrity": "sha512-16l/r8RgzlXKmFOhZpHBztvye+lAhC5SU7hXavnerC9UfZqZxxXl3BzL8MhffPT3kF61lj9Oav2LKEzh0ei7tg==",
      "dev": true
    },
    "findup-sync": {
      "version": "0.1.3",
      "resolved": "https://registry.npmjs.org/findup-sync/-/findup-sync-0.1.3.tgz",
      "integrity": "sha1-fz56l7gjksZTvwZYm9hRkOk8NoM=",
      "dev": true,
      "dependencies": {
        "glob": {
          "version": "3.2.11",
          "resolved": "https://registry.npmjs.org/glob/-/glob-3.2.11.tgz",
          "integrity": "sha1-Spc/Y1uRkPcV0QmH1cAP0oFevj0=",
          "dev": true
        },
        "minimatch": {
          "version": "0.3.0",
          "resolved": "https://registry.npmjs.org/minimatch/-/minimatch-0.3.0.tgz",
          "integrity": "sha1-J12O2qxPG7MyZHIInnlJyDlGmd0=",
          "dev": true
        }
      }
    },
    "fs.realpath": {
      "version": "1.0.0",
      "resolved": "https://registry.npmjs.org/fs.realpath/-/fs.realpath-1.0.0.tgz",
      "integrity": "sha1-FQStJSMVjKpA20onh8sBQRmU6k8="
    },
    "glob": {
      "version": "5.0.15",
      "resolved": "https://registry.npmjs.org/glob/-/glob-5.0.15.tgz",
      "integrity": "sha1-G8k2ueAvSmA/zCIuz3Yz0wuLk7E="
    },
    "growl": {
      "version": "1.9.2",
      "resolved": "https://registry.npmjs.org/growl/-/growl-1.9.2.tgz",
      "integrity": "sha1-Dqd0NxXbjY3ixe3hd14bRayFwC8=",
      "dev": true
    },
    "handlebars": {
      "version": "2.0.0",
      "resolved": "https://registry.npmjs.org/handlebars/-/handlebars-2.0.0.tgz",
      "integrity": "sha1-bp1/hRSjRn+l6fgswVjs/B1ax28=",
      "dev": true
    },
    "htmlparser2": {
      "version": "3.8.3",
      "resolved": "https://registry.npmjs.org/htmlparser2/-/htmlparser2-3.8.3.tgz",
      "integrity": "sha1-mWwosZFRaovoZQGn15dX5ccMEGg=",
      "dev": true
    },
    "http-parser-js": {
      "version": "0.4.6",
      "resolved": "https://registry.npmjs.org/http-parser-js/-/http-parser-js-0.4.6.tgz",
      "integrity": "sha1-GVJz9YcExFLWcQdr4gEyndNB3FU=",
      "dev": true
    },
    "iconv-lite": {
      "version": "0.4.4",
      "resolved": "https://registry.npmjs.org/iconv-lite/-/iconv-lite-0.4.4.tgz",
      "integrity": "sha1-6V8uQdsHNfwhZS94J6XuMuY8g6g=",
      "dev": true
    },
    "inflight": {
      "version": "1.0.6",
      "resolved": "https://registry.npmjs.org/inflight/-/inflight-1.0.6.tgz",
      "integrity": "sha1-Sb1jMdfQLQwJvJEKEHW6gWW1bfk="
    },
    "inherits": {
      "version": "2.0.3",
      "resolved": "https://registry.npmjs.org/inherits/-/inherits-2.0.3.tgz",
      "integrity": "sha1-Yzwsg+PaQqUC9SRmAiSA9CCCYd4="
    },
    "isarray": {
      "version": "0.0.1",
      "resolved": "https://registry.npmjs.org/isarray/-/isarray-0.0.1.tgz",
      "integrity": "sha1-ihis/Kmo9Bd+Cav8YDiTmwXR7t8=",
      "dev": true
    },
    "jade": {
      "version": "0.26.3",
      "resolved": "https://registry.npmjs.org/jade/-/jade-0.26.3.tgz",
      "integrity": "sha1-jxDXl32NefL2/4YqgbBRPMslaGw=",
      "dev": true,
      "dependencies": {
        "commander": {
          "version": "0.6.1",
          "resolved": "https://registry.npmjs.org/commander/-/commander-0.6.1.tgz",
          "integrity": "sha1-+mihT2qUXVTbvlDYzbMyDp47GgY=",
          "dev": true
        },
        "mkdirp": {
          "version": "0.3.0",
          "resolved": "https://registry.npmjs.org/mkdirp/-/mkdirp-0.3.0.tgz",
          "integrity": "sha1-G79asbqCevI1dRQ0kEJkVfSB/h4=",
          "dev": true
        }
      }
    },
    "jshint": {
      "version": "2.9.5",
      "resolved": "https://registry.npmjs.org/jshint/-/jshint-2.9.5.tgz",
      "integrity": "sha1-HnJSkVzmgbQIJ+4UJIxG006apiw=",
      "dev": true,
      "dependencies": {
        "lodash": {
          "version": "3.7.0",
          "resolved": "https://registry.npmjs.org/lodash/-/lodash-3.7.0.tgz",
          "integrity": "sha1-Nni9irmVBXwHreg27S7wh9qBHUU=",
          "dev": true
        }
      }
    },
    "livereload-js": {
      "version": "2.2.2",
      "resolved": "https://registry.npmjs.org/livereload-js/-/livereload-js-2.2.2.tgz",
      "integrity": "sha1-bIclfmSKtHW8JOoldFftzB+NC8I=",
      "dev": true
    },
    "lodash": {
      "version": "2.4.2",
      "resolved": "https://registry.npmjs.org/lodash/-/lodash-2.4.2.tgz",
      "integrity": "sha1-+t2DS5aDBz2hebPq5tnA0VBT9z4=",
      "dev": true
    },
    "lru-cache": {
      "version": "2.7.3",
      "resolved": "https://registry.npmjs.org/lru-cache/-/lru-cache-2.7.3.tgz",
      "integrity": "sha1-bUUk6LlV+V1PW1iFHOId1y+06VI=",
      "dev": true
    },
    "media-typer": {
      "version": "0.3.0",
      "resolved": "https://registry.npmjs.org/media-typer/-/media-typer-0.3.0.tgz",
      "integrity": "sha1-hxDXrwqmJvj/+hzgAWhUUmMlV0g=",
      "dev": true
    },
    "mime": {
      "version": "1.4.0",
      "resolved": "https://registry.npmjs.org/mime/-/mime-1.4.0.tgz",
      "integrity": "sha512-n9ChLv77+QQEapYz8lV+rIZAW3HhAPW2CXnzb1GN5uMkuczshwvkW7XPsbzU0ZQN3sP47Er2KVkp2p3KyqZKSQ==",
      "dev": true
    },
    "mime-db": {
      "version": "1.12.0",
      "resolved": "https://registry.npmjs.org/mime-db/-/mime-db-1.12.0.tgz",
      "integrity": "sha1-PQxjGA9FjrENMlqqN9fFiuMS6dc=",
      "dev": true
    },
    "mime-types": {
      "version": "2.0.14",
      "resolved": "https://registry.npmjs.org/mime-types/-/mime-types-2.0.14.tgz",
      "integrity": "sha1-MQ4VnbI+B3+Lsit0jav6SVcUCqY=",
      "dev": true
    },
    "minimatch": {
      "version": "3.0.4",
      "resolved": "https://registry.npmjs.org/minimatch/-/minimatch-3.0.4.tgz",
      "integrity": "sha512-yJHVQEhyqPLUTgt9B83PXu6W3rx4MvvHvSUvToogpwoGDOUQ+yDrR0HRot+yOCdCO7u4hX3pWft6kWBBcqh0UA=="
    },
    "minimist": {
      "version": "0.0.8",
      "resolved": "https://registry.npmjs.org/minimist/-/minimist-0.0.8.tgz",
      "integrity": "sha1-hX/Kv8M5fSYluCKCYuhqp6ARsF0="
    },
    "mkdirp": {
      "version": "0.3.5",
      "resolved": "https://registry.npmjs.org/mkdirp/-/mkdirp-0.3.5.tgz",
      "integrity": "sha1-3j5fiWHIjHh+4TaN+EmsRBPsqNc="
    },
    "mktemp": {
      "version": "0.4.0",
      "resolved": "https://registry.npmjs.org/mktemp/-/mktemp-0.4.0.tgz",
      "integrity": "sha1-bQUVYRyKjITkhKogABKbmOmB/ws="
    },
    "mocha": {
      "version": "2.5.3",
      "resolved": "https://registry.npmjs.org/mocha/-/mocha-2.5.3.tgz",
      "integrity": "sha1-FhvlvetJZ3HrmzV0UFC2IrWu/Fg=",
      "dev": true,
      "dependencies": {
        "commander": {
          "version": "2.3.0",
          "resolved": "https://registry.npmjs.org/commander/-/commander-2.3.0.tgz",
          "integrity": "sha1-/UMOiJgy7DU7ms0d4hfBHLPu+HM=",
          "dev": true
        },
        "debug": {
          "version": "2.2.0",
          "resolved": "https://registry.npmjs.org/debug/-/debug-2.2.0.tgz",
          "integrity": "sha1-+HBX6ZWxofauaklgZkE3vFbwOdo=",
          "dev": true
        },
        "escape-string-regexp": {
          "version": "1.0.2",
          "resolved": "https://registry.npmjs.org/escape-string-regexp/-/escape-string-regexp-1.0.2.tgz",
          "integrity": "sha1-Tbwv5nTnGUnK8/smlc5/LcHZqNE=",
          "dev": true
        },
        "glob": {
          "version": "3.2.11",
          "resolved": "https://registry.npmjs.org/glob/-/glob-3.2.11.tgz",
          "integrity": "sha1-Spc/Y1uRkPcV0QmH1cAP0oFevj0=",
          "dev": true
        },
        "minimatch": {
          "version": "0.3.0",
          "resolved": "https://registry.npmjs.org/minimatch/-/minimatch-0.3.0.tgz",
          "integrity": "sha1-J12O2qxPG7MyZHIInnlJyDlGmd0=",
          "dev": true
        },
        "mkdirp": {
          "version": "0.5.1",
          "resolved": "https://registry.npmjs.org/mkdirp/-/mkdirp-0.5.1.tgz",
          "integrity": "sha1-MAV0OOrGz3+MR2fzhkjWaX11yQM=",
          "dev": true
        },
        "ms": {
          "version": "0.7.1",
          "resolved": "https://registry.npmjs.org/ms/-/ms-0.7.1.tgz",
          "integrity": "sha1-nNE8A62/8ltl7/3nzoZO6VIBcJg=",
          "dev": true
        },
        "supports-color": {
          "version": "1.2.0",
          "resolved": "https://registry.npmjs.org/supports-color/-/supports-color-1.2.0.tgz",
          "integrity": "sha1-/x7R5hFp0Gs88tWI4YixjYhH4X4=",
          "dev": true
        }
      }
    },
    "ms": {
      "version": "2.0.0",
      "resolved": "https://registry.npmjs.org/ms/-/ms-2.0.0.tgz",
      "integrity": "sha1-VgiurfwAvmwpAd9fmGF4jeDVl8g=",
      "dev": true
    },
    "on-finished": {
      "version": "2.3.0",
      "resolved": "https://registry.npmjs.org/on-finished/-/on-finished-2.3.0.tgz",
      "integrity": "sha1-IPEzZIGwg811M3mSoWlxqi2QaUc=",
      "dev": true
    },
    "once": {
      "version": "1.4.0",
      "resolved": "https://registry.npmjs.org/once/-/once-1.4.0.tgz",
      "integrity": "sha1-WDsap3WWHUsROsF9nFC6753Xa9E="
    },
    "optimist": {
      "version": "0.3.7",
      "resolved": "https://registry.npmjs.org/optimist/-/optimist-0.3.7.tgz",
      "integrity": "sha1-yQlBrVnkJzMokjB00s8ufLxuwNk=",
      "dev": true
    },
    "parseurl": {
      "version": "1.3.2",
      "resolved": "https://registry.npmjs.org/parseurl/-/parseurl-1.3.2.tgz",
      "integrity": "sha1-/CidTtiZMRlGDBViUyYs3I3mW/M=",
      "dev": true
    },
    "path-is-absolute": {
      "version": "1.0.1",
      "resolved": "https://registry.npmjs.org/path-is-absolute/-/path-is-absolute-1.0.1.tgz",
      "integrity": "sha1-F0uSaHNVNP+8es5r9TpanhtcX18="
    },
    "promise-map-series": {
      "version": "0.2.3",
      "resolved": "https://registry.npmjs.org/promise-map-series/-/promise-map-series-0.2.3.tgz",
      "integrity": "sha1-wtN3r8kyU/a9A9u3d1XriKsgqEc=",
      "dev": true
    },
    "qs": {
      "version": "2.2.5",
      "resolved": "https://registry.npmjs.org/qs/-/qs-2.2.5.tgz",
      "integrity": "sha1-EIirr53MCuWuRbcJ5sa1iIsjkjw=",
      "dev": true
    },
    "quick-temp": {
      "version": "0.1.8",
      "resolved": "https://registry.npmjs.org/quick-temp/-/quick-temp-0.1.8.tgz",
      "integrity": "sha1-urAqJCq4+w3XWKPJd2sy+aXZRAg=",
      "dependencies": {
        "glob": {
          "version": "7.1.2",
          "resolved": "https://registry.npmjs.org/glob/-/glob-7.1.2.tgz",
          "integrity": "sha512-MJTUg1kjuLeQCJ+ccE4Vpa6kKVXkPYJ2mOCQyUuKLcLQsdrMCpBPUi8qVE6+YuaJkozeA9NusTAw3hLr8Xe5EQ=="
        },
        "rimraf": {
          "version": "2.6.2",
          "resolved": "https://registry.npmjs.org/rimraf/-/rimraf-2.6.2.tgz",
          "integrity": "sha512-lreewLK/BlghmxtfH36YYVg1i8IAce4TI7oao75I1g245+6BctqTVQiBP3YUJ9C6DQOXJmkYR9X9fCLtCOJc5w=="
        }
      }
    },
    "ramda": {
      "version": "0.21.0",
      "resolved": "https://registry.npmjs.org/ramda/-/ramda-0.21.0.tgz",
      "integrity": "sha1-oAGr7bP/YQd9T/HVd9RN536NCjU=",
      "dev": true
    },
    "raw-body": {
      "version": "1.3.0",
      "resolved": "https://registry.npmjs.org/raw-body/-/raw-body-1.3.0.tgz",
      "integrity": "sha1-l4IwoValVI9C7vFN4i0PT2EAg9E=",
      "dev": true
    },
    "readable-stream": {
      "version": "1.1.14",
      "resolved": "https://registry.npmjs.org/readable-stream/-/readable-stream-1.1.14.tgz",
      "integrity": "sha1-fPTFTvZI44EwhMY23SB54WbAgdk=",
      "dev": true
    },
    "rimraf": {
      "version": "2.2.8",
      "resolved": "https://registry.npmjs.org/rimraf/-/rimraf-2.2.8.tgz",
      "integrity": "sha1-5Dm+Kq7jJzIZUnMPmaiSnk/FBYI="
    },
    "rsvp": {
      "version": "3.6.2",
      "resolved": "https://registry.npmjs.org/rsvp/-/rsvp-3.6.2.tgz",
      "integrity": "sha512-OfWGQTb9vnwRjwtA2QwpG2ICclHC3pgXZO5xt8H2EfgDquO0qVdSb5T88L4qJVAEugbS56pAuV4XZM58UX8ulw=="
    },
    "shelljs": {
      "version": "0.3.0",
      "resolved": "https://registry.npmjs.org/shelljs/-/shelljs-0.3.0.tgz",
      "integrity": "sha1-NZbmMHp4FUT1kfN9phg2DzHbV7E=",
      "dev": true
    },
    "sigmund": {
      "version": "1.0.1",
      "resolved": "https://registry.npmjs.org/sigmund/-/sigmund-1.0.1.tgz",
      "integrity": "sha1-P/IfGYytIXX587eBhT/ZTQ0ZtZA=",
      "dev": true
    },
    "source-map": {
      "version": "0.1.43",
      "resolved": "https://registry.npmjs.org/source-map/-/source-map-0.1.43.tgz",
      "integrity": "sha1-wkvBRspRfBRx9drL4lcbK3+eM0Y=",
      "dev": true,
      "optional": true
    },
    "sprintf-js": {
      "version": "1.1.1",
      "resolved": "https://registry.npmjs.org/sprintf-js/-/sprintf-js-1.1.1.tgz",
      "integrity": "sha1-Nr54Mgr+WAH2zqPueLblqrlA6gw="
    },
    "statuses": {
      "version": "1.3.1",
      "resolved": "https://registry.npmjs.org/statuses/-/statuses-1.3.1.tgz",
      "integrity": "sha1-+vUbnrdKrvOzrPStX2Gr8ky3uT4=",
      "dev": true
    },
    "string_decoder": {
      "version": "0.10.31",
      "resolved": "https://registry.npmjs.org/string_decoder/-/string_decoder-0.10.31.tgz",
      "integrity": "sha1-YuIDvEF2bGwoyfyEMB2rHFMQ+pQ=",
      "dev": true
    },
    "strip-json-comments": {
      "version": "1.0.4",
      "resolved": "https://registry.npmjs.org/strip-json-comments/-/strip-json-comments-1.0.4.tgz",
      "integrity": "sha1-HhX7ysl9Pumb8tc7TGVrCCu6+5E=",
      "dev": true
    },
    "tiny-lr": {
      "version": "0.1.7",
      "resolved": "https://registry.npmjs.org/tiny-lr/-/tiny-lr-0.1.7.tgz",
      "integrity": "sha1-vgJNCfHrsi4nSYNMYOoXs4UjQXU=",
      "dev": true,
      "dependencies": {
        "debug": {
          "version": "2.0.0",
          "resolved": "https://registry.npmjs.org/debug/-/debug-2.0.0.tgz",
          "integrity": "sha1-ib2d9nMrUSVrxnBTQrugLtEhMe8=",
          "dev": true
        },
        "ms": {
          "version": "0.6.2",
          "resolved": "https://registry.npmjs.org/ms/-/ms-0.6.2.tgz",
          "integrity": "sha1-2JwhJMb9wTU9Zai3e/GqxLGTcIw=",
          "dev": true
        }
      }
    },
    "to-iso-string": {
      "version": "0.0.2",
      "resolved": "https://registry.npmjs.org/to-iso-string/-/to-iso-string-0.0.2.tgz",
      "integrity": "sha1-TcGeZk38y+Jb2NtQiwDG2hWCVdE=",
      "dev": true
    },
    "type-detect": {
      "version": "1.0.0",
      "resolved": "https://registry.npmjs.org/type-detect/-/type-detect-1.0.0.tgz",
      "integrity": "sha1-diIXzAbbJY7EiQihKY6LlRIejqI=",
      "dev": true
    },
    "type-is": {
      "version": "1.5.7",
      "resolved": "https://registry.npmjs.org/type-is/-/type-is-1.5.7.tgz",
      "integrity": "sha1-uTaKWTzG730GReeLL0xky+zQXpA=",
      "dev": true
    },
    "uglify-js": {
      "version": "2.3.6",
      "resolved": "https://registry.npmjs.org/uglify-js/-/uglify-js-2.3.6.tgz",
      "integrity": "sha1-+gmEdwtCi3qbKoBY9GNV0U/vIRo=",
      "dev": true,
      "optional": true
    },
    "underscore.string": {
      "version": "3.3.4",
      "resolved": "https://registry.npmjs.org/underscore.string/-/underscore.string-3.3.4.tgz",
      "integrity": "sha1-LCo/n4PmR2L9xF5s6sZRQoZCE9s="
    },
    "unpipe": {
      "version": "1.0.0",
      "resolved": "https://registry.npmjs.org/unpipe/-/unpipe-1.0.0.tgz",
      "integrity": "sha1-sr9O6FFKrmFltIF4KdIbLvSZBOw=",
      "dev": true
    },
    "util-deprecate": {
      "version": "1.0.2",
      "resolved": "https://registry.npmjs.org/util-deprecate/-/util-deprecate-1.0.2.tgz",
      "integrity": "sha1-RQ1Nyfpw3nMnYvvS1KKJgUGaDM8="
    },
    "utils-merge": {
      "version": "1.0.0",
      "resolved": "https://registry.npmjs.org/utils-merge/-/utils-merge-1.0.0.tgz",
      "integrity": "sha1-ApT7kiu5N1FTVBxPcJYjHyh8ivg=",
      "dev": true
    },
    "websocket-driver": {
      "version": "0.7.0",
      "resolved": "https://registry.npmjs.org/websocket-driver/-/websocket-driver-0.7.0.tgz",
      "integrity": "sha1-DK+dLXVdk67gSdS90NP+LMoqJOs=",
      "dev": true
    },
    "websocket-extensions": {
      "version": "0.1.2",
      "resolved": "https://registry.npmjs.org/websocket-extensions/-/websocket-extensions-0.1.2.tgz",
      "integrity": "sha1-Dhh4HeYpoYMIzhSBZQ9n/6JpOl0=",
      "dev": true
    },
    "wordwrap": {
      "version": "0.0.3",
      "resolved": "https://registry.npmjs.org/wordwrap/-/wordwrap-0.0.3.tgz",
      "integrity": "sha1-o9XabNXAvAAI03I0u68b7WMFkQc=",
      "dev": true
    },
    "wrappy": {
      "version": "1.0.2",
      "resolved": "https://registry.npmjs.org/wrappy/-/wrappy-1.0.2.tgz",
      "integrity": "sha1-tSQ9jz7BqjXxNkYFvA0QNuMKtp8="
    }
  }
}
